PODS:
  - FBSnapshotTestCase (2.1.4):
    - FBSnapshotTestCase/SwiftSupport (= 2.1.4)
  - FBSnapshotTestCase/Core (2.1.4)
  - FBSnapshotTestCase/SwiftSupport (2.1.4):
    - FBSnapshotTestCase/Core
  - GeoJsonParser (1.0.0):
    - ObjectMapper
  - ObjectMapper (4.2.0)

DEPENDENCIES:
  - FBSnapshotTestCase (~> 2.1.4)
  - GeoJsonParser (from `../`)

SPEC REPOS:
  trunk:
    - FBSnapshotTestCase
    - ObjectMapper

EXTERNAL SOURCES:
  GeoJsonParser:
    :path: "../"

SPEC CHECKSUMS:
  FBSnapshotTestCase: 094f9f314decbabe373b87cc339bea235a63e07a
  GeoJsonParser: da45f8611fe04ac5bd435b578ce6592385e95260
  ObjectMapper: 1eb41f610210777375fa806bf161dc39fb832b81

PODFILE CHECKSUM: 25c6f4579c494687d2ddf641d0c1c54e8676cb54

COCOAPODS: 1.10.1
